
Microsoft Visual Studio Solution File, Format Version 12.00
# Visual Studio 15
VisualStudioVersion = 15.0.28307.168
MinimumVisualStudioVersion = 10.0.40219.1
Project("{9A19103F-16F7-4668-BE54-9A1E7A4F7556}") = "Web.Host", "Web.Host\Web.Host.csproj", "{4F26B1B5-B9E2-4EEB-B21E-1E4FF0081E90}"
EndProject
Project("{2150E333-8FDC-42A3-9474-1A3956D46DE8}") = "core", "core", "{315D4E69-33C3-4E43-B72F-BAB78F318FC8}"
EndProject
Project("{2150E333-8FDC-42A3-9474-1A3956D46DE8}") = "plugins", "plugins", "{613F1550-089B-46F1-9864-604F9516C6F0}"
EndProject
Project("{2150E333-8FDC-42A3-9474-1A3956D46DE8}") = "src", "src", "{B8E5D48E-1AEC-4949-AE47-47DF7717EABA}"
EndProject
Project("{2150E333-8FDC-42A3-9474-1A3956D46DE8}") = "test", "test", "{29329DEC-4374-4A59-9175-953DD7F4D629}"
EndProject
Project("{9A19103F-16F7-4668-BE54-9A1E7A4F7556}") = "HotBag", "Core\HotBag\HotBag.csproj", "{2B310FA7-06A7-4873-A53E-B88DB1DE883B}"
EndProject
Project("{9A19103F-16F7-4668-BE54-9A1E7A4F7556}") = "HotBag.Core", "Src\HotBag.Core\HotBag.Core.csproj", "{3C208882-33DC-4C8B-8EA2-349C9324BE5C}"
EndProject
Project("{9A19103F-16F7-4668-BE54-9A1E7A4F7556}") = "HotBag.Dapper", "Src\HotBag.Dapper\HotBag.Dapper.csproj", "{B2423A34-0D27-4B9E-B8E6-E0ED2F501070}"
EndProject
Project("{9A19103F-16F7-4668-BE54-9A1E7A4F7556}") = "HotBag.EntityFrameworkCore", "Src\HotBag.EntityFrameworkCore\HotBag.EntityFrameworkCore.csproj", "{387D07C7-B168-4837-888E-F286BF6E30A6}"
EndProject
Project("{9A19103F-16F7-4668-BE54-9A1E7A4F7556}") = "HotBag.MongoDb", "Src\HotBag.MongoDb\HotBag.MongoDb.csproj", "{DFE08097-1267-4347-8C07-2EC31A02BFF9}"
EndProject
Project("{9A19103F-16F7-4668-BE54-9A1E7A4F7556}") = "HotBag.Services", "Src\HotBag.Services\HotBag.Services.csproj", "{B6EAE5CD-08BF-405E-AB82-329F476F7CDC}"
EndProject
Project("{9A19103F-16F7-4668-BE54-9A1E7A4F7556}") = "HotBag.Web.Core", "Src\HotBag.Web.Core\HotBag.Web.Core.csproj", "{91AA0DED-B1CA-4709-A2D2-42627B2438BD}"
EndProject
Project("{9A19103F-16F7-4668-BE54-9A1E7A4F7556}") = "HotBag.Test", "Test\HotBag.Test\HotBag.Test.csproj", "{DCFF435B-4A66-4B28-9377-D7CDE473F703}"
EndProject
Project("{9A19103F-16F7-4668-BE54-9A1E7A4F7556}") = "HotBag.Plugins.Email", "Helpers\HotBag.Plugins.Email\HotBag.Plugins.Email.csproj", "{8C6ECEBE-8C27-4992-B065-200932B5CE66}"
EndProject
Project("{9A19103F-16F7-4668-BE54-9A1E7A4F7556}") = "HotBag.Plugins.Hangfire", "Helpers\HotBag.Plugins.Hangfire\HotBag.Plugins.Hangfire.csproj", "{894CA4FC-E439-4DB1-AFA8-00CE97DD7231}"
EndProject
Project("{9A19103F-16F7-4668-BE54-9A1E7A4F7556}") = "HotBag.Plugins.OData", "Helpers\HotBag.Plugins.OData\HotBag.Plugins.OData.csproj", "{38636375-4570-4CE9-B2A4-EA086B27B29D}"
EndProject
Project("{9A19103F-16F7-4668-BE54-9A1E7A4F7556}") = "HotBag.Plugins.PushNotification", "Helpers\HotBag.Plugins.PushNotification\HotBag.Plugins.PushNotification.csproj", "{DE9C9B6C-F08A-4EAA-AABB-05B64D4A541A}"
EndProject
Project("{9A19103F-16F7-4668-BE54-9A1E7A4F7556}") = "HotBag.Plugins.SignalR", "Helpers\HotBag.Plugins.SignalR\HotBag.Plugins.SignalR.csproj", "{A2FD3782-AE9C-4262-BB6E-5B8677396ACE}"
EndProject
Project("{9A19103F-16F7-4668-BE54-9A1E7A4F7556}") = "HotBag.Plugins.Swagger", "Helpers\HotBag.Plugins.Swagger\HotBag.Plugins.Swagger.csproj", "{CF1BB354-C39A-4D4B-B207-4A0D976738CC}"
EndProject
Project("{9A19103F-16F7-4668-BE54-9A1E7A4F7556}") = "HotBag.Plugins.GraphQL", "Helpers\HotBag.Plugins.GraphQL\HotBag.Plugins.GraphQL.csproj", "{C4E3B0C9-B880-4A77-A7EE-C4817A6AB48B}"
EndProject
Global
	GlobalSection(SolutionConfigurationPlatforms) = preSolution
		Debug|Any CPU = Debug|Any CPU
		Release|Any CPU = Release|Any CPU
	EndGlobalSection
	GlobalSection(ProjectConfigurationPlatforms) = postSolution
		{4F26B1B5-B9E2-4EEB-B21E-1E4FF0081E90}.Debug|Any CPU.ActiveCfg = Debug|Any CPU
		{4F26B1B5-B9E2-4EEB-B21E-1E4FF0081E90}.Debug|Any CPU.Build.0 = Debug|Any CPU
		{4F26B1B5-B9E2-4EEB-B21E-1E4FF0081E90}.Release|Any CPU.ActiveCfg = Release|Any CPU
		{4F26B1B5-B9E2-4EEB-B21E-1E4FF0081E90}.Release|Any CPU.Build.0 = Release|Any CPU
		{2B310FA7-06A7-4873-A53E-B88DB1DE883B}.Debug|Any CPU.ActiveCfg = Debug|Any CPU
		{2B310FA7-06A7-4873-A53E-B88DB1DE883B}.Debug|Any CPU.Build.0 = Debug|Any CPU
		{2B310FA7-06A7-4873-A53E-B88DB1DE883B}.Release|Any CPU.ActiveCfg = Release|Any CPU
		{2B310FA7-06A7-4873-A53E-B88DB1DE883B}.Release|Any CPU.Build.0 = Release|Any CPU
		{3C208882-33DC-4C8B-8EA2-349C9324BE5C}.Debug|Any CPU.ActiveCfg = Debug|Any CPU
		{3C208882-33DC-4C8B-8EA2-349C9324BE5C}.Debug|Any CPU.Build.0 = Debug|Any CPU
		{3C208882-33DC-4C8B-8EA2-349C9324BE5C}.Release|Any CPU.ActiveCfg = Release|Any CPU
		{3C208882-33DC-4C8B-8EA2-349C9324BE5C}.Release|Any CPU.Build.0 = Release|Any CPU
		{B2423A34-0D27-4B9E-B8E6-E0ED2F501070}.Debug|Any CPU.ActiveCfg = Debug|Any CPU
		{B2423A34-0D27-4B9E-B8E6-E0ED2F501070}.Debug|Any CPU.Build.0 = Debug|Any CPU
		{B2423A34-0D27-4B9E-B8E6-E0ED2F501070}.Release|Any CPU.ActiveCfg = Release|Any CPU
		{B2423A34-0D27-4B9E-B8E6-E0ED2F501070}.Release|Any CPU.Build.0 = Release|Any CPU
		{387D07C7-B168-4837-888E-F286BF6E30A6}.Debug|Any CPU.ActiveCfg = Debug|Any CPU
		{387D07C7-B168-4837-888E-F286BF6E30A6}.Debug|Any CPU.Build.0 = Debug|Any CPU
		{387D07C7-B168-4837-888E-F286BF6E30A6}.Release|Any CPU.ActiveCfg = Release|Any CPU
		{387D07C7-B168-4837-888E-F286BF6E30A6}.Release|Any CPU.Build.0 = Release|Any CPU
		{DFE08097-1267-4347-8C07-2EC31A02BFF9}.Debug|Any CPU.ActiveCfg = Debug|Any CPU
		{DFE08097-1267-4347-8C07-2EC31A02BFF9}.Debug|Any CPU.Build.0 = Debug|Any CPU
		{DFE08097-1267-4347-8C07-2EC31A02BFF9}.Release|Any CPU.ActiveCfg = Release|Any CPU
		{DFE08097-1267-4347-8C07-2EC31A02BFF9}.Release|Any CPU.Build.0 = Release|Any CPU
		{B6EAE5CD-08BF-405E-AB82-329F476F7CDC}.Debug|Any CPU.ActiveCfg = Debug|Any CPU
		{B6EAE5CD-08BF-405E-AB82-329F476F7CDC}.Debug|Any CPU.Build.0 = Debug|Any CPU
		{B6EAE5CD-08BF-405E-AB82-329F476F7CDC}.Release|Any CPU.ActiveCfg = Release|Any CPU
		{B6EAE5CD-08BF-405E-AB82-329F476F7CDC}.Release|Any CPU.Build.0 = Release|Any CPU
		{91AA0DED-B1CA-4709-A2D2-42627B2438BD}.Debug|Any CPU.ActiveCfg = Debug|Any CPU
		{91AA0DED-B1CA-4709-A2D2-42627B2438BD}.Debug|Any CPU.Build.0 = Debug|Any CPU
		{91AA0DED-B1CA-4709-A2D2-42627B2438BD}.Release|Any CPU.ActiveCfg = Release|Any CPU
		{91AA0DED-B1CA-4709-A2D2-42627B2438BD}.Release|Any CPU.Build.0 = Release|Any CPU
		{DCFF435B-4A66-4B28-9377-D7CDE473F703}.Debug|Any CPU.ActiveCfg = Debug|Any CPU
		{DCFF435B-4A66-4B28-9377-D7CDE473F703}.Debug|Any CPU.Build.0 = Debug|Any CPU
		{DCFF435B-4A66-4B28-9377-D7CDE473F703}.Release|Any CPU.ActiveCfg = Release|Any CPU
		{DCFF435B-4A66-4B28-9377-D7CDE473F703}.Release|Any CPU.Build.0 = Release|Any CPU
		{8C6ECEBE-8C27-4992-B065-200932B5CE66}.Debug|Any CPU.ActiveCfg = Debug|Any CPU
		{8C6ECEBE-8C27-4992-B065-200932B5CE66}.Debug|Any CPU.Build.0 = Debug|Any CPU
		{8C6ECEBE-8C27-4992-B065-200932B5CE66}.Release|Any CPU.ActiveCfg = Release|Any CPU
		{8C6ECEBE-8C27-4992-B065-200932B5CE66}.Release|Any CPU.Build.0 = Release|Any CPU
		{894CA4FC-E439-4DB1-AFA8-00CE97DD7231}.Debug|Any CPU.ActiveCfg = Debug|Any CPU
		{894CA4FC-E439-4DB1-AFA8-00CE97DD7231}.Debug|Any CPU.Build.0 = Debug|Any CPU
		{894CA4FC-E439-4DB1-AFA8-00CE97DD7231}.Release|Any CPU.ActiveCfg = Release|Any CPU
		{894CA4FC-E439-4DB1-AFA8-00CE97DD7231}.Release|Any CPU.Build.0 = Release|Any CPU
		{38636375-4570-4CE9-B2A4-EA086B27B29D}.Debug|Any CPU.ActiveCfg = Debug|Any CPU
		{38636375-4570-4CE9-B2A4-EA086B27B29D}.Debug|Any CPU.Build.0 = Debug|Any CPU
		{38636375-4570-4CE9-B2A4-EA086B27B29D}.Release|Any CPU.ActiveCfg = Release|Any CPU
		{38636375-4570-4CE9-B2A4-EA086B27B29D}.Release|Any CPU.Build.0 = Release|Any CPU
		{DE9C9B6C-F08A-4EAA-AABB-05B64D4A541A}.Debug|Any CPU.ActiveCfg = Debug|Any CPU
		{DE9C9B6C-F08A-4EAA-AABB-05B64D4A541A}.Debug|Any CPU.Build.0 = Debug|Any CPU
		{DE9C9B6C-F08A-4EAA-AABB-05B64D4A541A}.Release|Any CPU.ActiveCfg = Release|Any CPU
		{DE9C9B6C-F08A-4EAA-AABB-05B64D4A541A}.Release|Any CPU.Build.0 = Release|Any CPU
		{A2FD3782-AE9C-4262-BB6E-5B8677396ACE}.Debug|Any CPU.ActiveCfg = Debug|Any CPU
		{A2FD3782-AE9C-4262-BB6E-5B8677396ACE}.Debug|Any CPU.Build.0 = Debug|Any CPU
		{A2FD3782-AE9C-4262-BB6E-5B8677396ACE}.Release|Any CPU.ActiveCfg = Release|Any CPU
		{A2FD3782-AE9C-4262-BB6E-5B8677396ACE}.Release|Any CPU.Build.0 = Release|Any CPU
		{CF1BB354-C39A-4D4B-B207-4A0D976738CC}.Debug|Any CPU.ActiveCfg = Debug|Any CPU
		{CF1BB354-C39A-4D4B-B207-4A0D976738CC}.Debug|Any CPU.Build.0 = Debug|Any CPU
		{CF1BB354-C39A-4D4B-B207-4A0D976738CC}.Release|Any CPU.ActiveCfg = Release|Any CPU
		{CF1BB354-C39A-4D4B-B207-4A0D976738CC}.Release|Any CPU.Build.0 = Release|Any CPU
		{C4E3B0C9-B880-4A77-A7EE-C4817A6AB48B}.Debug|Any CPU.ActiveCfg = Debug|Any CPU
		{C4E3B0C9-B880-4A77-A7EE-C4817A6AB48B}.Debug|Any CPU.Build.0 = Debug|Any CPU
		{C4E3B0C9-B880-4A77-A7EE-C4817A6AB48B}.Release|Any CPU.ActiveCfg = Release|Any CPU
		{C4E3B0C9-B880-4A77-A7EE-C4817A6AB48B}.Release|Any CPU.Build.0 = Release|Any CPU
	EndGlobalSection
	GlobalSection(SolutionProperties) = preSolution
		HideSolutionNode = FALSE
	EndGlobalSection
	GlobalSection(NestedProjects) = preSolution
		{2B310FA7-06A7-4873-A53E-B88DB1DE883B} = {315D4E69-33C3-4E43-B72F-BAB78F318FC8}
		{3C208882-33DC-4C8B-8EA2-349C9324BE5C} = {B8E5D48E-1AEC-4949-AE47-47DF7717EABA}
		{B2423A34-0D27-4B9E-B8E6-E0ED2F501070} = {B8E5D48E-1AEC-4949-AE47-47DF7717EABA}
		{387D07C7-B168-4837-888E-F286BF6E30A6} = {B8E5D48E-1AEC-4949-AE47-47DF7717EABA}
		{DFE08097-1267-4347-8C07-2EC31A02BFF9} = {B8E5D48E-1AEC-4949-AE47-47DF7717EABA}
		{B6EAE5CD-08BF-405E-AB82-329F476F7CDC} = {B8E5D48E-1AEC-4949-AE47-47DF7717EABA}
		{91AA0DED-B1CA-4709-A2D2-42627B2438BD} = {B8E5D48E-1AEC-4949-AE47-47DF7717EABA}
		{DCFF435B-4A66-4B28-9377-D7CDE473F703} = {29329DEC-4374-4A59-9175-953DD7F4D629}
		{8C6ECEBE-8C27-4992-B065-200932B5CE66} = {613F1550-089B-46F1-9864-604F9516C6F0}
		{894CA4FC-E439-4DB1-AFA8-00CE97DD7231} = {613F1550-089B-46F1-9864-604F9516C6F0}
		{38636375-4570-4CE9-B2A4-EA086B27B29D} = {613F1550-089B-46F1-9864-604F9516C6F0}
		{DE9C9B6C-F08A-4EAA-AABB-05B64D4A541A} = {613F1550-089B-46F1-9864-604F9516C6F0}
		{A2FD3782-AE9C-4262-BB6E-5B8677396ACE} = {613F1550-089B-46F1-9864-604F9516C6F0}
		{CF1BB354-C39A-4D4B-B207-4A0D976738CC} = {613F1550-089B-46F1-9864-604F9516C6F0}
		{C4E3B0C9-B880-4A77-A7EE-C4817A6AB48B} = {613F1550-089B-46F1-9864-604F9516C6F0}
	EndGlobalSection
	GlobalSection(ExtensibilityGlobals) = postSolution
		SolutionGuid = {94CD4262-A4CF-4818-B18B-3F5DC651DEFA}
	EndGlobalSection
EndGlobal
