
Microsoft Visual Studio Solution File, Format Version 12.00
# Visual Studio 15
VisualStudioVersion = 15.0.28307.168
MinimumVisualStudioVersion = 10.0.40219.1
Project("{9A19103F-16F7-4668-BE54-9A1E7A4F7556}") = "Web.Host", "Web.Host\Web.Host.csproj", "{4F26B1B5-B9E2-4EEB-B21E-1E4FF0081E90}"
EndProject
Project("{2150E333-8FDC-42A3-9474-1A3956D46DE8}") = "core", "core", "{315D4E69-33C3-4E43-B72F-BAB78F318FC8}"
EndProject
Project("{2150E333-8FDC-42A3-9474-1A3956D46DE8}") = "helper", "helper", "{613F1550-089B-46F1-9864-604F9516C6F0}"
EndProject
Project("{2150E333-8FDC-42A3-9474-1A3956D46DE8}") = "src", "src", "{B8E5D48E-1AEC-4949-AE47-47DF7717EABA}"
EndProject
Project("{9A19103F-16F7-4668-BE54-9A1E7A4F7556}") = "HotBag", "..\Core\HotBag\HotBag.csproj", "{EDD024DF-8520-46BF-A11B-023CF217AF21}"
EndProject
Project("{FAE04EC0-301F-11D3-BF4B-00C04F79EFBC}") = "HotBag.Web.Core", "..\Src\HotBag.Web.Core\HotBag.Web.Core.csproj", "{B8D8429B-1BA2-47B0-85E3-E0A613FD9DE4}"
EndProject
Project("{FAE04EC0-301F-11D3-BF4B-00C04F79EFBC}") = "HotBag.Core", "..\Src\HotBag.Core\HotBag.Core.csproj", "{177AC98F-6BE8-4422-A8DB-775856664A24}"
EndProject
Project("{FAE04EC0-301F-11D3-BF4B-00C04F79EFBC}") = "HotBag.EntityFrameworkCore", "..\Src\HotBag.EntityFrameworkCore\HotBag.EntityFrameworkCore.csproj", "{3B2C7DC9-583E-44B2-9904-DCB6CC5F42D3}"
EndProject
Project("{FAE04EC0-301F-11D3-BF4B-00C04F79EFBC}") = "HotBag.MongoDb", "..\Src\HotBag.MongoDb\HotBag.MongoDb.csproj", "{BA7D289D-0C53-42F9-A37D-8161F7C1BDCB}"
EndProject
Project("{FAE04EC0-301F-11D3-BF4B-00C04F79EFBC}") = "HotBag.Services", "..\Src\HotBag.Services\HotBag.Services.csproj", "{812A4E69-DA97-4988-823A-B0DA3C614446}"
EndProject
Project("{FAE04EC0-301F-11D3-BF4B-00C04F79EFBC}") = "HotBag.Helpers.SignalR", "..\Helpers\HotBag.Helpers.SignalR\HotBag.Helpers.SignalR.csproj", "{61374FEC-4BFC-45DB-9DD8-6CCA307B2DF0}"
EndProject
Project("{FAE04EC0-301F-11D3-BF4B-00C04F79EFBC}") = "HotBag.Helpers.ResultWrapper", "..\Helpers\HotBag.Helpers.ResultWrapper\HotBag.Helpers.ResultWrapper.csproj", "{9F21849A-6F20-4BFB-AF3C-E26E14D48E93}"
EndProject
Project("{FAE04EC0-301F-11D3-BF4B-00C04F79EFBC}") = "Application.Helpers.OData", "Application.Helpers.OData\Application.Helpers.OData.csproj", "{784BB367-00A8-48FD-96FA-6B1CE67514FB}"
EndProject
Project("{FAE04EC0-301F-11D3-BF4B-00C04F79EFBC}") = "HotBag.Helpers.Hangfire", "..\Helpers\HotBag.Helpers.Hangfire\HotBag.Helpers.Hangfire.csproj", "{B073F7C4-2152-4F06-B668-081CDD4C3A8A}"
EndProject
Global
	GlobalSection(SolutionConfigurationPlatforms) = preSolution
		Debug|Any CPU = Debug|Any CPU
		Release|Any CPU = Release|Any CPU
	EndGlobalSection
	GlobalSection(ProjectConfigurationPlatforms) = postSolution
		{4F26B1B5-B9E2-4EEB-B21E-1E4FF0081E90}.Debug|Any CPU.ActiveCfg = Debug|Any CPU
		{4F26B1B5-B9E2-4EEB-B21E-1E4FF0081E90}.Debug|Any CPU.Build.0 = Debug|Any CPU
		{4F26B1B5-B9E2-4EEB-B21E-1E4FF0081E90}.Release|Any CPU.ActiveCfg = Release|Any CPU
		{4F26B1B5-B9E2-4EEB-B21E-1E4FF0081E90}.Release|Any CPU.Build.0 = Release|Any CPU
		{EDD024DF-8520-46BF-A11B-023CF217AF21}.Debug|Any CPU.ActiveCfg = Debug|Any CPU
		{EDD024DF-8520-46BF-A11B-023CF217AF21}.Debug|Any CPU.Build.0 = Debug|Any CPU
		{EDD024DF-8520-46BF-A11B-023CF217AF21}.Release|Any CPU.ActiveCfg = Release|Any CPU
		{EDD024DF-8520-46BF-A11B-023CF217AF21}.Release|Any CPU.Build.0 = Release|Any CPU
		{B8D8429B-1BA2-47B0-85E3-E0A613FD9DE4}.Debug|Any CPU.ActiveCfg = Debug|Any CPU
		{B8D8429B-1BA2-47B0-85E3-E0A613FD9DE4}.Debug|Any CPU.Build.0 = Debug|Any CPU
		{B8D8429B-1BA2-47B0-85E3-E0A613FD9DE4}.Release|Any CPU.ActiveCfg = Release|Any CPU
		{B8D8429B-1BA2-47B0-85E3-E0A613FD9DE4}.Release|Any CPU.Build.0 = Release|Any CPU
		{177AC98F-6BE8-4422-A8DB-775856664A24}.Debug|Any CPU.ActiveCfg = Debug|Any CPU
		{177AC98F-6BE8-4422-A8DB-775856664A24}.Debug|Any CPU.Build.0 = Debug|Any CPU
		{177AC98F-6BE8-4422-A8DB-775856664A24}.Release|Any CPU.ActiveCfg = Release|Any CPU
		{177AC98F-6BE8-4422-A8DB-775856664A24}.Release|Any CPU.Build.0 = Release|Any CPU
		{3B2C7DC9-583E-44B2-9904-DCB6CC5F42D3}.Debug|Any CPU.ActiveCfg = Debug|Any CPU
		{3B2C7DC9-583E-44B2-9904-DCB6CC5F42D3}.Debug|Any CPU.Build.0 = Debug|Any CPU
		{3B2C7DC9-583E-44B2-9904-DCB6CC5F42D3}.Release|Any CPU.ActiveCfg = Release|Any CPU
		{3B2C7DC9-583E-44B2-9904-DCB6CC5F42D3}.Release|Any CPU.Build.0 = Release|Any CPU
		{BA7D289D-0C53-42F9-A37D-8161F7C1BDCB}.Debug|Any CPU.ActiveCfg = Debug|Any CPU
		{BA7D289D-0C53-42F9-A37D-8161F7C1BDCB}.Debug|Any CPU.Build.0 = Debug|Any CPU
		{BA7D289D-0C53-42F9-A37D-8161F7C1BDCB}.Release|Any CPU.ActiveCfg = Release|Any CPU
		{BA7D289D-0C53-42F9-A37D-8161F7C1BDCB}.Release|Any CPU.Build.0 = Release|Any CPU
		{812A4E69-DA97-4988-823A-B0DA3C614446}.Debug|Any CPU.ActiveCfg = Debug|Any CPU
		{812A4E69-DA97-4988-823A-B0DA3C614446}.Debug|Any CPU.Build.0 = Debug|Any CPU
		{812A4E69-DA97-4988-823A-B0DA3C614446}.Release|Any CPU.ActiveCfg = Release|Any CPU
		{812A4E69-DA97-4988-823A-B0DA3C614446}.Release|Any CPU.Build.0 = Release|Any CPU
		{61374FEC-4BFC-45DB-9DD8-6CCA307B2DF0}.Debug|Any CPU.ActiveCfg = Debug|Any CPU
		{61374FEC-4BFC-45DB-9DD8-6CCA307B2DF0}.Debug|Any CPU.Build.0 = Debug|Any CPU
		{61374FEC-4BFC-45DB-9DD8-6CCA307B2DF0}.Release|Any CPU.ActiveCfg = Release|Any CPU
		{61374FEC-4BFC-45DB-9DD8-6CCA307B2DF0}.Release|Any CPU.Build.0 = Release|Any CPU
		{9F21849A-6F20-4BFB-AF3C-E26E14D48E93}.Debug|Any CPU.ActiveCfg = Debug|Any CPU
		{9F21849A-6F20-4BFB-AF3C-E26E14D48E93}.Debug|Any CPU.Build.0 = Debug|Any CPU
		{9F21849A-6F20-4BFB-AF3C-E26E14D48E93}.Release|Any CPU.ActiveCfg = Release|Any CPU
		{9F21849A-6F20-4BFB-AF3C-E26E14D48E93}.Release|Any CPU.Build.0 = Release|Any CPU
		{784BB367-00A8-48FD-96FA-6B1CE67514FB}.Debug|Any CPU.ActiveCfg = Debug|Any CPU
		{784BB367-00A8-48FD-96FA-6B1CE67514FB}.Debug|Any CPU.Build.0 = Debug|Any CPU
		{784BB367-00A8-48FD-96FA-6B1CE67514FB}.Release|Any CPU.ActiveCfg = Release|Any CPU
		{784BB367-00A8-48FD-96FA-6B1CE67514FB}.Release|Any CPU.Build.0 = Release|Any CPU
		{B073F7C4-2152-4F06-B668-081CDD4C3A8A}.Debug|Any CPU.ActiveCfg = Debug|Any CPU
		{B073F7C4-2152-4F06-B668-081CDD4C3A8A}.Debug|Any CPU.Build.0 = Debug|Any CPU
		{B073F7C4-2152-4F06-B668-081CDD4C3A8A}.Release|Any CPU.ActiveCfg = Release|Any CPU
		{B073F7C4-2152-4F06-B668-081CDD4C3A8A}.Release|Any CPU.Build.0 = Release|Any CPU
	EndGlobalSection
	GlobalSection(SolutionProperties) = preSolution
		HideSolutionNode = FALSE
	EndGlobalSection
	GlobalSection(NestedProjects) = preSolution
		{EDD024DF-8520-46BF-A11B-023CF217AF21} = {315D4E69-33C3-4E43-B72F-BAB78F318FC8}
		{B8D8429B-1BA2-47B0-85E3-E0A613FD9DE4} = {B8E5D48E-1AEC-4949-AE47-47DF7717EABA}
		{177AC98F-6BE8-4422-A8DB-775856664A24} = {B8E5D48E-1AEC-4949-AE47-47DF7717EABA}
		{3B2C7DC9-583E-44B2-9904-DCB6CC5F42D3} = {B8E5D48E-1AEC-4949-AE47-47DF7717EABA}
		{BA7D289D-0C53-42F9-A37D-8161F7C1BDCB} = {B8E5D48E-1AEC-4949-AE47-47DF7717EABA}
		{812A4E69-DA97-4988-823A-B0DA3C614446} = {B8E5D48E-1AEC-4949-AE47-47DF7717EABA}
		{61374FEC-4BFC-45DB-9DD8-6CCA307B2DF0} = {613F1550-089B-46F1-9864-604F9516C6F0}
		{9F21849A-6F20-4BFB-AF3C-E26E14D48E93} = {613F1550-089B-46F1-9864-604F9516C6F0}
		{784BB367-00A8-48FD-96FA-6B1CE67514FB} = {613F1550-089B-46F1-9864-604F9516C6F0}
		{B073F7C4-2152-4F06-B668-081CDD4C3A8A} = {613F1550-089B-46F1-9864-604F9516C6F0}
	EndGlobalSection
	GlobalSection(ExtensibilityGlobals) = postSolution
		SolutionGuid = {94CD4262-A4CF-4818-B18B-3F5DC651DEFA}
	EndGlobalSection
EndGlobal
